
Microsoft Visual Studio Solution File, Format Version 12.00
# Visual Studio Version 17
VisualStudioVersion = 17.13.35931.197 d17.13
MinimumVisualStudioVersion = 10.0.40219.1
Project("{9A19103F-16F7-4668-BE54-9A1E7A4F7556}") = "GLOKON.GuacWS.Server", "GLOKON.GuacWS.Server\GLOKON.GuacWS.Server.csproj", "{864D659C-277B-4742-A406-7A04B8E838C8}"
EndProject
Project("{FAE04EC0-301F-11D3-BF4B-00C04F79EFBC}") = "GLOKON.GuacWS.Server.Tests", "GLOKON.GuacWS.Server.Tests\GLOKON.GuacWS.Server.Tests.csproj", "{6F259C8A-747D-4F9D-97CC-85ECEA6C57DF}"
EndProject
Global
	GlobalSection(SolutionConfigurationPlatforms) = preSolution
		Debug|Any CPU = Debug|Any CPU
		Release|Any CPU = Release|Any CPU
	EndGlobalSection
	GlobalSection(ProjectConfigurationPlatforms) = postSolution
		{864D659C-277B-4742-A406-7A04B8E838C8}.Debug|Any CPU.ActiveCfg = Debug|Any CPU
		{864D659C-277B-4742-A406-7A04B8E838C8}.Debug|Any CPU.Build.0 = Debug|Any CPU
		{864D659C-277B-4742-A406-7A04B8E838C8}.Release|Any CPU.ActiveCfg = Release|Any CPU
		{864D659C-277B-4742-A406-7A04B8E838C8}.Release|Any CPU.Build.0 = Release|Any CPU
		{6F259C8A-747D-4F9D-97CC-85ECEA6C57DF}.Debug|Any CPU.ActiveCfg = Debug|Any CPU
		{6F259C8A-747D-4F9D-97CC-85ECEA6C57DF}.Debug|Any CPU.Build.0 = Debug|Any CPU
		{6F259C8A-747D-4F9D-97CC-85ECEA6C57DF}.Release|Any CPU.ActiveCfg = Release|Any CPU
		{6F259C8A-747D-4F9D-97CC-85ECEA6C57DF}.Release|Any CPU.Build.0 = Release|Any CPU
	EndGlobalSection
	GlobalSection(SolutionProperties) = preSolution
		HideSolutionNode = FALSE
	EndGlobalSection
	GlobalSection(ExtensibilityGlobals) = postSolution
		SolutionGuid = {D450FF4B-49F0-4EFF-93AC-8E5E85006D24}
	EndGlobalSection
EndGlobal
